
Microsoft Visual Studio Solution File, Format Version 12.00
# Visual Studio Version 17
VisualStudioVersion = 17.5.33530.505
MinimumVisualStudioVersion = 10.0.40219.1
Project("{FAE04EC0-301F-11D3-BF4B-00C04F79EFBC}") = "schooladvisor", "schooladvisor\schooladvisor.csproj", "{6516F538-87FD-410C-9D51-7D86AF27B4A8}"
EndProject
Global
	GlobalSection(SolutionConfigurationPlatforms) = preSolution
		Debug|Any CPU = Debug|Any CPU
		Release|Any CPU = Release|Any CPU
	EndGlobalSection
	GlobalSection(ProjectConfigurationPlatforms) = postSolution
		{6516F538-87FD-410C-9D51-7D86AF27B4A8}.Debug|Any CPU.ActiveCfg = Debug|Any CPU
		{6516F538-87FD-410C-9D51-7D86AF27B4A8}.Debug|Any CPU.Build.0 = Debug|Any CPU
		{6516F538-87FD-410C-9D51-7D86AF27B4A8}.Release|Any CPU.ActiveCfg = Release|Any CPU
		{6516F538-87FD-410C-9D51-7D86AF27B4A8}.Release|Any CPU.Build.0 = Release|Any CPU
	EndGlobalSection
	GlobalSection(SolutionProperties) = preSolution
		HideSolutionNode = FALSE
	EndGlobalSection
	GlobalSection(ExtensibilityGlobals) = postSolution
		SolutionGuid = {D25185A6-5A4A-4EE7-9A21-70D012919C5F}
	EndGlobalSection
EndGlobal
